// !$*UTF8*$!
{
	archiveVersion = 1;
	classes = {
	};
	objectVersion = 56;
	objects = {

/* Begin PBXBuildFile section */
		D2B224692B9E26C00050FDA2 /* PortfolioApp.swift in Sources */ = {isa = PBXBuildFile; fileRef = D2B224682B9E26C00050FDA2 /* PortfolioApp.swift */; };
		D2B2246D2B9E26C30050FDA2 /* Assets.xcassets in Resources */ = {isa = PBXBuildFile; fileRef = D2B2246C2B9E26C30050FDA2 /* Assets.xcassets */; };
		D2B224702B9E26C30050FDA2 /* Preview Assets.xcassets in Resources */ = {isa = PBXBuildFile; fileRef = D2B2246F2B9E26C30050FDA2 /* Preview Assets.xcassets */; };
		D2B2247A2B9E26C30050FDA2 /* PortfolioTests.swift in Sources */ = {isa = PBXBuildFile; fileRef = D2B224792B9E26C30050FDA2 /* PortfolioTests.swift */; };
		D2B224842B9E26C40050FDA2 /* PortfolioUITests.swift in Sources */ = {isa = PBXBuildFile; fileRef = D2B224832B9E26C40050FDA2 /* PortfolioUITests.swift */; };
		D2B224862B9E26C40050FDA2 /* PortfolioUITestsLaunchTests.swift in Sources */ = {isa = PBXBuildFile; fileRef = D2B224852B9E26C40050FDA2 /* PortfolioUITestsLaunchTests.swift */; };
		D2B224972B9E27370050FDA2 /* Untitled.png in Resources */ = {isa = PBXBuildFile; fileRef = D2B224942B9E27370050FDA2 /* Untitled.png */; };
		D2B224982B9E27370050FDA2 /* Proggetti.swift in Sources */ = {isa = PBXBuildFile; fileRef = D2B224952B9E27370050FDA2 /* Proggetti.swift */; };
		D2B224992B9E27370050FDA2 /* Skill.swift in Sources */ = {isa = PBXBuildFile; fileRef = D2B224962B9E27370050FDA2 /* Skill.swift */; };
		D2B224A72B9E274D0050FDA2 /* NetworkAdm.swift in Sources */ = {isa = PBXBuildFile; fileRef = D2B2249A2B9E274D0050FDA2 /* NetworkAdm.swift */; };
		D2B224A82B9E274D0050FDA2 /* ContentView.swift in Sources */ = {isa = PBXBuildFile; fileRef = D2B2249B2B9E274D0050FDA2 /* ContentView.swift */; };
		D2B224A92B9E274D0050FDA2 /* b88642f4_1.png in Resources */ = {isa = PBXBuildFile; fileRef = D2B2249C2B9E274D0050FDA2 /* b88642f4_1.png */; };
		D2B224AA2B9E274D0050FDA2 /* Chat.swift in Sources */ = {isa = PBXBuildFile; fileRef = D2B2249D2B9E274D0050FDA2 /* Chat.swift */; };
		D2B224AB2B9E274D0050FDA2 /* Download PDF.swift in Sources */ = {isa = PBXBuildFile; fileRef = D2B2249E2B9E274D0050FDA2 /* Download PDF.swift */; };
		D2B224AC2B9E274D0050FDA2 /* BuyMeAcoffe.swift in Sources */ = {isa = PBXBuildFile; fileRef = D2B2249F2B9E274D0050FDA2 /* BuyMeAcoffe.swift */; };
		D2B224AD2B9E274D0050FDA2 /* Notifiche.swift in Sources */ = {isa = PBXBuildFile; fileRef = D2B224A02B9E274D0050FDA2 /* Notifiche.swift */; };
		D2B224AE2B9E274D0050FDA2 /* Esperienza.swift in Sources */ = {isa = PBXBuildFile; fileRef = D2B224A12B9E274D0050FDA2 /* Esperienza.swift */; };
		D2B224AF2B9E274D0050FDA2 /* bmc-logo-no-background.png in Resources */ = {isa = PBXBuildFile; fileRef = D2B224A22B9E274D0050FDA2 /* bmc-logo-no-background.png */; };
		D2B224B02B9E274D0050FDA2 /* logo.png in Resources */ = {isa = PBXBuildFile; fileRef = D2B224A32B9E274D0050FDA2 /* logo.png */; };
		D2B224B12B9E274D0050FDA2 /* Bymeacoffe.swift in Sources */ = {isa = PBXBuildFile; fileRef = D2B224A42B9E274D0050FDA2 /* Bymeacoffe.swift */; };
		D2B224B22B9E274D0050FDA2 /* NetAdm.swift in Sources */ = {isa = PBXBuildFile; fileRef = D2B224A52B9E274D0050FDA2 /* NetAdm.swift */; };
		D2B224B32B9E274D0050FDA2 /* Contatti.swift in Sources */ = {isa = PBXBuildFile; fileRef = D2B224A62B9E274D0050FDA2 /* Contatti.swift */; };
/* End PBXBuildFile section */

/* Begin PBXContainerItemProxy section */
		D2B224762B9E26C30050FDA2 /* PBXContainerItemProxy */ = {
			isa = PBXContainerItemProxy;
			containerPortal = D2B2245D2B9E26C00050FDA2 /* Project object */;
			proxyType = 1;
			remoteGlobalIDString = D2B224642B9E26C00050FDA2;
			remoteInfo = Portfolio;
		};
		D2B224802B9E26C30050FDA2 /* PBXContainerItemProxy */ = {
			isa = PBXContainerItemProxy;
			containerPortal = D2B2245D2B9E26C00050FDA2 /* Project object */;
			proxyType = 1;
			remoteGlobalIDString = D2B224642B9E26C00050FDA2;
			remoteInfo = Portfolio;
		};
/* End PBXContainerItemProxy section */

/* Begin PBXFileReference section */
		D2B224652B9E26C00050FDA2 /* Portfolio.app */ = {isa = PBXFileReference; explicitFileType = wrapper.application; includeInIndex = 0; path = Portfolio.app; sourceTree = BUILT_PRODUCTS_DIR; };
		D2B224682B9E26C00050FDA2 /* PortfolioApp.swift */ = {isa = PBXFileReference; lastKnownFileType = sourcecode.swift; path = PortfolioApp.swift; sourceTree = "<group>"; };
		D2B2246C2B9E26C30050FDA2 /* Assets.xcassets */ = {isa = PBXFileReference; lastKnownFileType = folder.assetcatalog; path = Assets.xcassets; sourceTree = "<group>"; };
		D2B2246F2B9E26C30050FDA2 /* Preview Assets.xcassets */ = {isa = PBXFileReference; lastKnownFileType = folder.assetcatalog; path = "Preview Assets.xcassets"; sourceTree = "<group>"; };
		D2B224752B9E26C30050FDA2 /* PortfolioTests.xctest */ = {isa = PBXFileReference; explicitFileType = wrapper.cfbundle; includeInIndex = 0; path = PortfolioTests.xctest; sourceTree = BUILT_PRODUCTS_DIR; };
		D2B224792B9E26C30050FDA2 /* PortfolioTests.swift */ = {isa = PBXFileReference; lastKnownFileType = sourcecode.swift; path = PortfolioTests.swift; sourceTree = "<group>"; };
		D2B2247F2B9E26C30050FDA2 /* PortfolioUITests.xctest */ = {isa = PBXFileReference; explicitFileType = wrapper.cfbundle; includeInIndex = 0; path = PortfolioUITests.xctest; sourceTree = BUILT_PRODUCTS_DIR; };
		D2B224832B9E26C40050FDA2 /* PortfolioUITests.swift */ = {isa = PBXFileReference; lastKnownFileType = sourcecode.swift; path = PortfolioUITests.swift; sourceTree = "<group>"; };
		D2B224852B9E26C40050FDA2 /* PortfolioUITestsLaunchTests.swift */ = {isa = PBXFileReference; lastKnownFileType = sourcecode.swift; path = PortfolioUITestsLaunchTests.swift; sourceTree = "<group>"; };
		D2B224942B9E27370050FDA2 /* Untitled.png */ = {isa = PBXFileReference; lastKnownFileType = image.png; name = Untitled.png; path = ../../PortFolioIosApp/PortFolioIosApp/Untitled.png; sourceTree = "<group>"; };
		D2B224952B9E27370050FDA2 /* Proggetti.swift */ = {isa = PBXFileReference; fileEncoding = 4; lastKnownFileType = sourcecode.swift; name = Proggetti.swift; path = ../../PortFolioIosApp/PortFolioIosApp/Proggetti.swift; sourceTree = "<group>"; };
		D2B224962B9E27370050FDA2 /* Skill.swift */ = {isa = PBXFileReference; fileEncoding = 4; lastKnownFileType = sourcecode.swift; name = Skill.swift; path = ../../PortFolioIosApp/PortFolioIosApp/Skill.swift; sourceTree = "<group>"; };
		D2B2249A2B9E274D0050FDA2 /* NetworkAdm.swift */ = {isa = PBXFileReference; fileEncoding = 4; lastKnownFileType = sourcecode.swift; name = NetworkAdm.swift; path = ../../PortFolioIosApp/PortFolioIosApp/NetworkAdm.swift; sourceTree = "<group>"; };
		D2B2249B2B9E274D0050FDA2 /* ContentView.swift */ = {isa = PBXFileReference; fileEncoding = 4; lastKnownFileType = sourcecode.swift; name = ContentView.swift; path = ../../PortFolioIosApp/PortFolioIosApp/ContentView.swift; sourceTree = "<group>"; };
		D2B2249C2B9E274D0050FDA2 /* b88642f4_1.png */ = {isa = PBXFileReference; lastKnownFileType = image.png; name = b88642f4_1.png; path = ../../PortFolioIosApp/PortFolioIosApp/b88642f4_1.png; sourceTree = "<group>"; };
		D2B2249D2B9E274D0050FDA2 /* Chat.swift */ = {isa = PBXFileReference; fileEncoding = 4; lastKnownFileType = sourcecode.swift; name = Chat.swift; path = ../../PortFolioIosApp/PortFolioIosApp/Chat.swift; sourceTree = "<group>"; };
		D2B2249E2B9E274D0050FDA2 /* Download PDF.swift */ = {isa = PBXFileReference; fileEncoding = 4; lastKnownFileType = sourcecode.swift; name = "Download PDF.swift"; path = "../../PortFolioIosApp/PortFolioIosApp/Download PDF.swift"; sourceTree = "<group>"; };
		D2B2249F2B9E274D0050FDA2 /* BuyMeAcoffe.swift */ = {isa = PBXFileReference; fileEncoding = 4; lastKnownFileType = sourcecode.swift; name = BuyMeAcoffe.swift; path = ../../PortFolioIosApp/PortFolioIosApp/BuyMeAcoffe.swift; sourceTree = "<group>"; };
		D2B224A02B9E274D0050FDA2 /* Notifiche.swift */ = {isa = PBXFileReference; fileEncoding = 4; lastKnownFileType = sourcecode.swift; name = Notifiche.swift; path = ../../PortFolioIosApp/PortFolioIosApp/Notifiche.swift; sourceTree = "<group>"; };
		D2B224A12B9E274D0050FDA2 /* Esperienza.swift */ = {isa = PBXFileReference; fileEncoding = 4; lastKnownFileType = sourcecode.swift; name = Esperienza.swift; path = ../../PortFolioIosApp/PortFolioIosApp/Esperienza.swift; sourceTree = "<group>"; };
		D2B224A22B9E274D0050FDA2 /* bmc-logo-no-background.png */ = {isa = PBXFileReference; lastKnownFileType = image.png; name = "bmc-logo-no-background.png"; path = "../../PortFolioIosApp/PortFolioIosApp/bmc-logo-no-background.png"; sourceTree = "<group>"; };
		D2B224A32B9E274D0050FDA2 /* logo.png */ = {isa = PBXFileReference; lastKnownFileType = image.png; name = logo.png; path = ../../PortFolioIosApp/PortFolioIosApp/logo.png; sourceTree = "<group>"; };
		D2B224A42B9E274D0050FDA2 /* Bymeacoffe.swift */ = {isa = PBXFileReference; fileEncoding = 4; lastKnownFileType = sourcecode.swift; name = Bymeacoffe.swift; path = ../../PortFolioIosApp/PortFolioIosApp/Bymeacoffe.swift; sourceTree = "<group>"; };
		D2B224A52B9E274D0050FDA2 /* NetAdm.swift */ = {isa = PBXFileReference; fileEncoding = 4; lastKnownFileType = sourcecode.swift; name = NetAdm.swift; path = ../../PortFolioIosApp/PortFolioIosApp/NetAdm.swift; sourceTree = "<group>"; };
		D2B224A62B9E274D0050FDA2 /* Contatti.swift */ = {isa = PBXFileReference; fileEncoding = 4; lastKnownFileType = sourcecode.swift; name = Contatti.swift; path = ../../PortFolioIosApp/PortFolioIosApp/Contatti.swift; sourceTree = "<group>"; };
/* End PBXFileReference section */

/* Begin PBXFrameworksBuildPhase section */
		D2B224622B9E26C00050FDA2 /* Frameworks */ = {
			isa = PBXFrameworksBuildPhase;
			buildActionMask = 2147483647;
			files = (
			);
			runOnlyForDeploymentPostprocessing = 0;
		};
		D2B224722B9E26C30050FDA2 /* Frameworks */ = {
			isa = PBXFrameworksBuildPhase;
			buildActionMask = 2147483647;
			files = (
			);
			runOnlyForDeploymentPostprocessing = 0;
		};
		D2B2247C2B9E26C30050FDA2 /* Frameworks */ = {
			isa = PBXFrameworksBuildPhase;
			buildActionMask = 2147483647;
			files = (
			);
			runOnlyForDeploymentPostprocessing = 0;
		};
/* End PBXFrameworksBuildPhase section */

/* Begin PBXGroup section */
		D2B2245C2B9E26C00050FDA2 = {
			isa = PBXGroup;
			children = (
				D2B224672B9E26C00050FDA2 /* Portfolio */,
				D2B224782B9E26C30050FDA2 /* PortfolioTests */,
				D2B224822B9E26C30050FDA2 /* PortfolioUITests */,
				D2B224662B9E26C00050FDA2 /* Products */,
			);
			sourceTree = "<group>";
		};
		D2B224662B9E26C00050FDA2 /* Products */ = {
			isa = PBXGroup;
			children = (
				D2B224652B9E26C00050FDA2 /* Portfolio.app */,
				D2B224752B9E26C30050FDA2 /* PortfolioTests.xctest */,
				D2B2247F2B9E26C30050FDA2 /* PortfolioUITests.xctest */,
			);
			name = Products;
			sourceTree = "<group>";
		};
		D2B224672B9E26C00050FDA2 /* Portfolio */ = {
			isa = PBXGroup;
			children = (
				D2B224682B9E26C00050FDA2 /* PortfolioApp.swift */,
				D2B224952B9E27370050FDA2 /* Proggetti.swift */,
				D2B224962B9E27370050FDA2 /* Skill.swift */,
				D2B2249C2B9E274D0050FDA2 /* b88642f4_1.png */,
				D2B224A22B9E274D0050FDA2 /* bmc-logo-no-background.png */,
				D2B2249F2B9E274D0050FDA2 /* BuyMeAcoffe.swift */,
				D2B224A42B9E274D0050FDA2 /* Bymeacoffe.swift */,
				D2B2249D2B9E274D0050FDA2 /* Chat.swift */,
				D2B224A62B9E274D0050FDA2 /* Contatti.swift */,
				D2B2249B2B9E274D0050FDA2 /* ContentView.swift */,
				D2B2249E2B9E274D0050FDA2 /* Download PDF.swift */,
				D2B224A12B9E274D0050FDA2 /* Esperienza.swift */,
				D2B224A32B9E274D0050FDA2 /* logo.png */,
				D2B224A52B9E274D0050FDA2 /* NetAdm.swift */,
				D2B2249A2B9E274D0050FDA2 /* NetworkAdm.swift */,
				D2B224A02B9E274D0050FDA2 /* Notifiche.swift */,
				D2B224942B9E27370050FDA2 /* Untitled.png */,
				D2B2246C2B9E26C30050FDA2 /* Assets.xcassets */,
				D2B2246E2B9E26C30050FDA2 /* Preview Content */,
			);
			path = Portfolio;
			sourceTree = "<group>";
		};
		D2B2246E2B9E26C30050FDA2 /* Preview Content */ = {
			isa = PBXGroup;
			children = (
				D2B2246F2B9E26C30050FDA2 /* Preview Assets.xcassets */,
			);
			path = "Preview Content";
			sourceTree = "<group>";
		};
		D2B224782B9E26C30050FDA2 /* PortfolioTests */ = {
			isa = PBXGroup;
			children = (
				D2B224792B9E26C30050FDA2 /* PortfolioTests.swift */,
			);
			path = PortfolioTests;
			sourceTree = "<group>";
		};
		D2B224822B9E26C30050FDA2 /* PortfolioUITests */ = {
			isa = PBXGroup;
			children = (
				D2B224832B9E26C40050FDA2 /* PortfolioUITests.swift */,
				D2B224852B9E26C40050FDA2 /* PortfolioUITestsLaunchTests.swift */,
			);
			path = PortfolioUITests;
			sourceTree = "<group>";
		};
/* End PBXGroup section */

/* Begin PBXNativeTarget section */
		D2B224642B9E26C00050FDA2 /* Portfolio */ = {
			isa = PBXNativeTarget;
			buildConfigurationList = D2B224892B9E26C40050FDA2 /* Build configuration list for PBXNativeTarget "Portfolio" */;
			buildPhases = (
				D2B224612B9E26C00050FDA2 /* Sources */,
				D2B224622B9E26C00050FDA2 /* Frameworks */,
				D2B224632B9E26C00050FDA2 /* Resources */,
			);
			buildRules = (
			);
			dependencies = (
			);
			name = Portfolio;
			productName = Portfolio;
			productReference = D2B224652B9E26C00050FDA2 /* Portfolio.app */;
			productType = "com.apple.product-type.application";
		};
		D2B224742B9E26C30050FDA2 /* PortfolioTests */ = {
			isa = PBXNativeTarget;
			buildConfigurationList = D2B2248C2B9E26C40050FDA2 /* Build configuration list for PBXNativeTarget "PortfolioTests" */;
			buildPhases = (
				D2B224712B9E26C30050FDA2 /* Sources */,
				D2B224722B9E26C30050FDA2 /* Frameworks */,
				D2B224732B9E26C30050FDA2 /* Resources */,
			);
			buildRules = (
			);
			dependencies = (
				D2B224772B9E26C30050FDA2 /* PBXTargetDependency */,
			);
			name = PortfolioTests;
			productName = PortfolioTests;
			productReference = D2B224752B9E26C30050FDA2 /* PortfolioTests.xctest */;
			productType = "com.apple.product-type.bundle.unit-test";
		};
		D2B2247E2B9E26C30050FDA2 /* PortfolioUITests */ = {
			isa = PBXNativeTarget;
			buildConfigurationList = D2B2248F2B9E26C40050FDA2 /* Build configuration list for PBXNativeTarget "PortfolioUITests" */;
			buildPhases = (
				D2B2247B2B9E26C30050FDA2 /* Sources */,
				D2B2247C2B9E26C30050FDA2 /* Frameworks */,
				D2B2247D2B9E26C30050FDA2 /* Resources */,
			);
			buildRules = (
			);
			dependencies = (
				D2B224812B9E26C30050FDA2 /* PBXTargetDependency */,
			);
			name = PortfolioUITests;
			productName = PortfolioUITests;
			productReference = D2B2247F2B9E26C30050FDA2 /* PortfolioUITests.xctest */;
			productType = "com.apple.product-type.bundle.ui-testing";
		};
/* End PBXNativeTarget section */

/* Begin PBXProject section */
		D2B2245D2B9E26C00050FDA2 /* Project object */ = {
			isa = PBXProject;
			attributes = {
				BuildIndependentTargetsInParallel = 1;
				LastSwiftUpdateCheck = 1530;
				LastUpgradeCheck = 1530;
				TargetAttributes = {
					D2B224642B9E26C00050FDA2 = {
						CreatedOnToolsVersion = 15.3;
					};
					D2B224742B9E26C30050FDA2 = {
						CreatedOnToolsVersion = 15.3;
						TestTargetID = D2B224642B9E26C00050FDA2;
					};
					D2B2247E2B9E26C30050FDA2 = {
						CreatedOnToolsVersion = 15.3;
						TestTargetID = D2B224642B9E26C00050FDA2;
					};
				};
			};
			buildConfigurationList = D2B224602B9E26C00050FDA2 /* Build configuration list for PBXProject "Portfolio" */;
			compatibilityVersion = "Xcode 14.0";
			developmentRegion = en;
			hasScannedForEncodings = 0;
			knownRegions = (
				en,
				Base,
			);
			mainGroup = D2B2245C2B9E26C00050FDA2;
			productRefGroup = D2B224662B9E26C00050FDA2 /* Products */;
			projectDirPath = "";
			projectRoot = "";
			targets = (
				D2B224642B9E26C00050FDA2 /* Portfolio */,
				D2B224742B9E26C30050FDA2 /* PortfolioTests */,
				D2B2247E2B9E26C30050FDA2 /* PortfolioUITests */,
			);
		};
/* End PBXProject section */

/* Begin PBXResourcesBuildPhase section */
		D2B224632B9E26C00050FDA2 /* Resources */ = {
			isa = PBXResourcesBuildPhase;
			buildActionMask = 2147483647;
			files = (
				D2B224702B9E26C30050FDA2 /* Preview Assets.xcassets in Resources */,
				D2B224AF2B9E274D0050FDA2 /* bmc-logo-no-background.png in Resources */,
				D2B224B02B9E274D0050FDA2 /* logo.png in Resources */,
				D2B224A92B9E274D0050FDA2 /* b88642f4_1.png in Resources */,
				D2B2246D2B9E26C30050FDA2 /* Assets.xcassets in Resources */,
				D2B224972B9E27370050FDA2 /* Untitled.png in Resources */,
			);
			runOnlyForDeploymentPostprocessing = 0;
		};
		D2B224732B9E26C30050FDA2 /* Resources */ = {
			isa = PBXResourcesBuildPhase;
			buildActionMask = 2147483647;
			files = (
			);
			runOnlyForDeploymentPostprocessing = 0;
		};
		D2B2247D2B9E26C30050FDA2 /* Resources */ = {
			isa = PBXResourcesBuildPhase;
			buildActionMask = 2147483647;
			files = (
			);
			runOnlyForDeploymentPostprocessing = 0;
		};
/* End PBXResourcesBuildPhase section */

/* Begin PBXSourcesBuildPhase section */
		D2B224612B9E26C00050FDA2 /* Sources */ = {
			isa = PBXSourcesBuildPhase;
			buildActionMask = 2147483647;
			files = (
				D2B224992B9E27370050FDA2 /* Skill.swift in Sources */,
				D2B224AA2B9E274D0050FDA2 /* Chat.swift in Sources */,
				D2B224AC2B9E274D0050FDA2 /* BuyMeAcoffe.swift in Sources */,
				D2B224AB2B9E274D0050FDA2 /* Download PDF.swift in Sources */,
				D2B224B22B9E274D0050FDA2 /* NetAdm.swift in Sources */,
				D2B224B32B9E274D0050FDA2 /* Contatti.swift in Sources */,
				D2B224A82B9E274D0050FDA2 /* ContentView.swift in Sources */,
				D2B224692B9E26C00050FDA2 /* PortfolioApp.swift in Sources */,
				D2B224AD2B9E274D0050FDA2 /* Notifiche.swift in Sources */,
				D2B224982B9E27370050FDA2 /* Proggetti.swift in Sources */,
				D2B224A72B9E274D0050FDA2 /* NetworkAdm.swift in Sources */,
				D2B224AE2B9E274D0050FDA2 /* Esperienza.swift in Sources */,
				D2B224B12B9E274D0050FDA2 /* Bymeacoffe.swift in Sources */,
			);
			runOnlyForDeploymentPostprocessing = 0;
		};
		D2B224712B9E26C30050FDA2 /* Sources */ = {
			isa = PBXSourcesBuildPhase;
			buildActionMask = 2147483647;
			files = (
				D2B2247A2B9E26C30050FDA2 /* PortfolioTests.swift in Sources */,
			);
			runOnlyForDeploymentPostprocessing = 0;
		};
		D2B2247B2B9E26C30050FDA2 /* Sources */ = {
			isa = PBXSourcesBuildPhase;
			buildActionMask = 2147483647;
			files = (
				D2B224842B9E26C40050FDA2 /* PortfolioUITests.swift in Sources */,
				D2B224862B9E26C40050FDA2 /* PortfolioUITestsLaunchTests.swift in Sources */,
			);
			runOnlyForDeploymentPostprocessing = 0;
		};
/* End PBXSourcesBuildPhase section */

/* Begin PBXTargetDependency section */
		D2B224772B9E26C30050FDA2 /* PBXTargetDependency */ = {
			isa = PBXTargetDependency;
			target = D2B224642B9E26C00050FDA2 /* Portfolio */;
			targetProxy = D2B224762B9E26C30050FDA2 /* PBXContainerItemProxy */;
		};
		D2B224812B9E26C30050FDA2 /* PBXTargetDependency */ = {
			isa = PBXTargetDependency;
			target = D2B224642B9E26C00050FDA2 /* Portfolio */;
			targetProxy = D2B224802B9E26C30050FDA2 /* PBXContainerItemProxy */;
		};
/* End PBXTargetDependency section */

/* Begin XCBuildConfiguration section */
		D2B224872B9E26C40050FDA2 /* Debug */ = {
			isa = XCBuildConfiguration;
			buildSettings = {
				ALWAYS_SEARCH_USER_PATHS = NO;
				ASSETCATALOG_COMPILER_GENERATE_SWIFT_ASSET_SYMBOL_EXTENSIONS = YES;
				CLANG_ANALYZER_NONNULL = YES;
				CLANG_ANALYZER_NUMBER_OBJECT_CONVERSION = YES_AGGRESSIVE;
				CLANG_CXX_LANGUAGE_STANDARD = "gnu++20";
				CLANG_ENABLE_MODULES = YES;
				CLANG_ENABLE_OBJC_ARC = YES;
				CLANG_ENABLE_OBJC_WEAK = YES;
				CLANG_WARN_BLOCK_CAPTURE_AUTORELEASING = YES;
				CLANG_WARN_BOOL_CONVERSION = YES;
				CLANG_WARN_COMMA = YES;
				CLANG_WARN_CONSTANT_CONVERSION = YES;
				CLANG_WARN_DEPRECATED_OBJC_IMPLEMENTATIONS = YES;
				CLANG_WARN_DIRECT_OBJC_ISA_USAGE = YES_ERROR;
				CLANG_WARN_DOCUMENTATION_COMMENTS = YES;
				CLANG_WARN_EMPTY_BODY = YES;
				CLANG_WARN_ENUM_CONVERSION = YES;
				CLANG_WARN_INFINITE_RECURSION = YES;
				CLANG_WARN_INT_CONVERSION = YES;
				CLANG_WARN_NON_LITERAL_NULL_CONVERSION = YES;
				CLANG_WARN_OBJC_IMPLICIT_RETAIN_SELF = YES;
				CLANG_WARN_OBJC_LITERAL_CONVERSION = YES;
				CLANG_WARN_OBJC_ROOT_CLASS = YES_ERROR;
				CLANG_WARN_QUOTED_INCLUDE_IN_FRAMEWORK_HEADER = YES;
				CLANG_WARN_RANGE_LOOP_ANALYSIS = YES;
				CLANG_WARN_STRICT_PROTOTYPES = YES;
				CLANG_WARN_SUSPICIOUS_MOVE = YES;
				CLANG_WARN_UNGUARDED_AVAILABILITY = YES_AGGRESSIVE;
				CLANG_WARN_UNREACHABLE_CODE = YES;
				CLANG_WARN__DUPLICATE_METHOD_MATCH = YES;
				COPY_PHASE_STRIP = NO;
				DEBUG_INFORMATION_FORMAT = dwarf;
				ENABLE_STRICT_OBJC_MSGSEND = YES;
				ENABLE_TESTABILITY = YES;
				ENABLE_USER_SCRIPT_SANDBOXING = YES;
				GCC_C_LANGUAGE_STANDARD = gnu17;
				GCC_DYNAMIC_NO_PIC = NO;
				GCC_NO_COMMON_BLOCKS = YES;
				GCC_OPTIMIZATION_LEVEL = 0;
				GCC_PREPROCESSOR_DEFINITIONS = (
					"DEBUG=1",
					"$(inherited)",
				);
				GCC_WARN_64_TO_32_BIT_CONVERSION = YES;
				GCC_WARN_ABOUT_RETURN_TYPE = YES_ERROR;
				GCC_WARN_UNDECLARED_SELECTOR = YES;
				GCC_WARN_UNINITIALIZED_AUTOS = YES_AGGRESSIVE;
				GCC_WARN_UNUSED_FUNCTION = YES;
				GCC_WARN_UNUSED_VARIABLE = YES;
				IPHONEOS_DEPLOYMENT_TARGET = 17.4;
				LOCALIZATION_PREFERS_STRING_CATALOGS = YES;
				MTL_ENABLE_DEBUG_INFO = INCLUDE_SOURCE;
				MTL_FAST_MATH = YES;
				ONLY_ACTIVE_ARCH = YES;
				SDKROOT = iphoneos;
				SWIFT_ACTIVE_COMPILATION_CONDITIONS = "DEBUG $(inherited)";
				SWIFT_OPTIMIZATION_LEVEL = "-Onone";
			};
			name = Debug;
		};
		D2B224882B9E26C40050FDA2 /* Release */ = {
			isa = XCBuildConfiguration;
			buildSettings = {
				ALWAYS_SEARCH_USER_PATHS = NO;
				ASSETCATALOG_COMPILER_GENERATE_SWIFT_ASSET_SYMBOL_EXTENSIONS = YES;
				CLANG_ANALYZER_NONNULL = YES;
				CLANG_ANALYZER_NUMBER_OBJECT_CONVERSION = YES_AGGRESSIVE;
				CLANG_CXX_LANGUAGE_STANDARD = "gnu++20";
				CLANG_ENABLE_MODULES = YES;
				CLANG_ENABLE_OBJC_ARC = YES;
				CLANG_ENABLE_OBJC_WEAK = YES;
				CLANG_WARN_BLOCK_CAPTURE_AUTORELEASING = YES;
				CLANG_WARN_BOOL_CONVERSION = YES;
				CLANG_WARN_COMMA = YES;
				CLANG_WARN_CONSTANT_CONVERSION = YES;
				CLANG_WARN_DEPRECATED_OBJC_IMPLEMENTATIONS = YES;
				CLANG_WARN_DIRECT_OBJC_ISA_USAGE = YES_ERROR;
				CLANG_WARN_DOCUMENTATION_COMMENTS = YES;
				CLANG_WARN_EMPTY_BODY = YES;
				CLANG_WARN_ENUM_CONVERSION = YES;
				CLANG_WARN_INFINITE_RECURSION = YES;
				CLANG_WARN_INT_CONVERSION = YES;
				CLANG_WARN_NON_LITERAL_NULL_CONVERSION = YES;
				CLANG_WARN_OBJC_IMPLICIT_RETAIN_SELF = YES;
				CLANG_WARN_OBJC_LITERAL_CONVERSION = YES;
				CLANG_WARN_OBJC_ROOT_CLASS = YES_ERROR;
				CLANG_WARN_QUOTED_INCLUDE_IN_FRAMEWORK_HEADER = YES;
				CLANG_WARN_RANGE_LOOP_ANALYSIS = YES;
				CLANG_WARN_STRICT_PROTOTYPES = YES;
				CLANG_WARN_SUSPICIOUS_MOVE = YES;
				CLANG_WARN_UNGUARDED_AVAILABILITY = YES_AGGRESSIVE;
				CLANG_WARN_UNREACHABLE_CODE = YES;
				CLANG_WARN__DUPLICATE_METHOD_MATCH = YES;
				COPY_PHASE_STRIP = NO;
				DEBUG_INFORMATION_FORMAT = "dwarf-with-dsym";
				ENABLE_NS_ASSERTIONS = NO;
				ENABLE_STRICT_OBJC_MSGSEND = YES;
				ENABLE_USER_SCRIPT_SANDBOXING = YES;
				GCC_C_LANGUAGE_STANDARD = gnu17;
				GCC_NO_COMMON_BLOCKS = YES;
				GCC_WARN_64_TO_32_BIT_CONVERSION = YES;
				GCC_WARN_ABOUT_RETURN_TYPE = YES_ERROR;
				GCC_WARN_UNDECLARED_SELECTOR = YES;
				GCC_WARN_UNINITIALIZED_AUTOS = YES_AGGRESSIVE;
				GCC_WARN_UNUSED_FUNCTION = YES;
				GCC_WARN_UNUSED_VARIABLE = YES;
				IPHONEOS_DEPLOYMENT_TARGET = 17.4;
				LOCALIZATION_PREFERS_STRING_CATALOGS = YES;
				MTL_ENABLE_DEBUG_INFO = NO;
				MTL_FAST_MATH = YES;
				SDKROOT = iphoneos;
				SWIFT_COMPILATION_MODE = wholemodule;
				VALIDATE_PRODUCT = YES;
			};
			name = Release;
		};
		D2B2248A2B9E26C40050FDA2 /* Debug */ = {
			isa = XCBuildConfiguration;
			buildSettings = {
				ASSETCATALOG_COMPILER_APPICON_NAME = AppIcon;
				ASSETCATALOG_COMPILER_GLOBAL_ACCENT_COLOR_NAME = AccentColor;
				CODE_SIGN_STYLE = Automatic;
				CURRENT_PROJECT_VERSION = 1;
				DEVELOPMENT_ASSET_PATHS = "\"Portfolio/Preview Content\"";
				DEVELOPMENT_TEAM = 84PD472QGB;
				ENABLE_PREVIEWS = YES;
				GENERATE_INFOPLIST_FILE = YES;
				INFOPLIST_KEY_LSApplicationCategoryType = "public.app-category.news";
				INFOPLIST_KEY_UIApplicationSceneManifest_Generation = YES;
				INFOPLIST_KEY_UIApplicationSupportsIndirectInputEvents = YES;
				INFOPLIST_KEY_UILaunchScreen_Generation = YES;
				INFOPLIST_KEY_UISupportedInterfaceOrientations_iPad = "UIInterfaceOrientationPortrait UIInterfaceOrientationPortraitUpsideDown UIInterfaceOrientationLandscapeLeft UIInterfaceOrientationLandscapeRight";
				INFOPLIST_KEY_UISupportedInterfaceOrientations_iPhone = "UIInterfaceOrientationPortrait UIInterfaceOrientationLandscapeLeft UIInterfaceOrientationLandscapeRight";
				IPHONEOS_DEPLOYMENT_TARGET = 16.0;
				LD_RUNPATH_SEARCH_PATHS = (
					"$(inherited)",
					"@executable_path/Frameworks",
				);
				MARKETING_VERSION = 1.0;
				PRODUCT_BUNDLE_IDENTIFIER = com.alessandro.Portfolio;
				PRODUCT_NAME = "$(TARGET_NAME)";
				SWIFT_EMIT_LOC_STRINGS = YES;
				SWIFT_VERSION = 5.0;
				TARGETED_DEVICE_FAMILY = "1,2";
			};
			name = Debug;
		};
		D2B2248B2B9E26C40050FDA2 /* Release */ = {
			isa = XCBuildConfiguration;
			buildSettings = {
				ASSETCATALOG_COMPILER_APPICON_NAME = AppIcon;
				ASSETCATALOG_COMPILER_GLOBAL_ACCENT_COLOR_NAME = AccentColor;
				CODE_SIGN_STYLE = Automatic;
				CURRENT_PROJECT_VERSION = 1;
				DEVELOPMENT_ASSET_PATHS = "\"Portfolio/Preview Content\"";
				DEVELOPMENT_TEAM = 84PD472QGB;
				ENABLE_PREVIEWS = YES;
				GENERATE_INFOPLIST_FILE = YES;
				INFOPLIST_KEY_LSApplicationCategoryType = "public.app-category.news";
				INFOPLIST_KEY_UIApplicationSceneManifest_Generation = YES;
				INFOPLIST_KEY_UIApplicationSupportsIndirectInputEvents = YES;
				INFOPLIST_KEY_UILaunchScreen_Generation = YES;
				INFOPLIST_KEY_UISupportedInterfaceOrientations_iPad = "UIInterfaceOrientationPortrait UIInterfaceOrientationPortraitUpsideDown UIInterfaceOrientationLandscapeLeft UIInterfaceOrientationLandscapeRight";
				INFOPLIST_KEY_UISupportedInterfaceOrientations_iPhone = "UIInterfaceOrientationPortrait UIInterfaceOrientationLandscapeLeft UIInterfaceOrientationLandscapeRight";
				IPHONEOS_DEPLOYMENT_TARGET = 16.0;
				LD_RUNPATH_SEARCH_PATHS = (
					"$(inherited)",
					"@executable_path/Frameworks",
				);
				MARKETING_VERSION = 1.0;
				PRODUCT_BUNDLE_IDENTIFIER = com.alessandro.Portfolio;
				PRODUCT_NAME = "$(TARGET_NAME)";
				SWIFT_EMIT_LOC_STRINGS = YES;
				SWIFT_VERSION = 5.0;
				TARGETED_DEVICE_FAMILY = "1,2";
			};
			name = Release;
		};
		D2B2248D2B9E26C40050FDA2 /* Debug */ = {
			isa = XCBuildConfiguration;
			buildSettings = {
				ALWAYS_EMBED_SWIFT_STANDARD_LIBRARIES = YES;
				BUNDLE_LOADER = "$(TEST_HOST)";
				CODE_SIGN_STYLE = Automatic;
				CURRENT_PROJECT_VERSION = 1;
				DEVELOPMENT_TEAM = 84PD472QGB;
				GENERATE_INFOPLIST_FILE = YES;
				IPHONEOS_DEPLOYMENT_TARGET = 17.4;
				MARKETING_VERSION = 1.0;
				PRODUCT_BUNDLE_IDENTIFIER = com.alessandro.PortfolioTests;
				PRODUCT_NAME = "$(TARGET_NAME)";
				SWIFT_EMIT_LOC_STRINGS = NO;
				SWIFT_VERSION = 5.0;
				TARGETED_DEVICE_FAMILY = "1,2";
				TEST_HOST = "$(BUILT_PRODUCTS_DIR)/Portfolio.app/$(BUNDLE_EXECUTABLE_FOLDER_PATH)/Portfolio";
			};
			name = Debug;
		};
		D2B2248E2B9E26C40050FDA2 /* Release */ = {
			isa = XCBuildConfiguration;
			buildSettings = {
				ALWAYS_EMBED_SWIFT_STANDARD_LIBRARIES = YES;
				BUNDLE_LOADER = "$(TEST_HOST)";
				CODE_SIGN_STYLE = Automatic;
				CURRENT_PROJECT_VERSION = 1;
				DEVELOPMENT_TEAM = 84PD472QGB;
				GENERATE_INFOPLIST_FILE = YES;
				IPHONEOS_DEPLOYMENT_TARGET = 17.4;
				MARKETING_VERSION = 1.0;
				PRODUCT_BUNDLE_IDENTIFIER = com.alessandro.PortfolioTests;
				PRODUCT_NAME = "$(TARGET_NAME)";
				SWIFT_EMIT_LOC_STRINGS = NO;
				SWIFT_VERSION = 5.0;
				TARGETED_DEVICE_FAMILY = "1,2";
				TEST_HOST = "$(BUILT_PRODUCTS_DIR)/Portfolio.app/$(BUNDLE_EXECUTABLE_FOLDER_PATH)/Portfolio";
			};
			name = Release;
		};
		D2B224902B9E26C40050FDA2 /* Debug */ = {
			isa = XCBuildConfiguration;
			buildSettings = {
				ALWAYS_EMBED_SWIFT_STANDARD_LIBRARIES = YES;
				CODE_SIGN_STYLE = Automatic;
				CURRENT_PROJECT_VERSION = 1;
				DEVELOPMENT_TEAM = 84PD472QGB;
				GENERATE_INFOPLIST_FILE = YES;
				MARKETING_VERSION = 1.0;
				PRODUCT_BUNDLE_IDENTIFIER = com.alessandro.PortfolioUITests;
				PRODUCT_NAME = "$(TARGET_NAME)";
				SWIFT_EMIT_LOC_STRINGS = NO;
				SWIFT_VERSION = 5.0;
				TARGETED_DEVICE_FAMILY = "1,2";
				TEST_TARGET_NAME = Portfolio;
			};
			name = Debug;
		};
		D2B224912B9E26C40050FDA2 /* Release */ = {
			isa = XCBuildConfiguration;
			buildSettings = {
				ALWAYS_EMBED_SWIFT_STANDARD_LIBRARIES = YES;
				CODE_SIGN_STYLE = Automatic;
				CURRENT_PROJECT_VERSION = 1;
				DEVELOPMENT_TEAM = 84PD472QGB;
				GENERATE_INFOPLIST_FILE = YES;
				MARKETING_VERSION = 1.0;
				PRODUCT_BUNDLE_IDENTIFIER = com.alessandro.PortfolioUITests;
				PRODUCT_NAME = "$(TARGET_NAME)";
				SWIFT_EMIT_LOC_STRINGS = NO;
				SWIFT_VERSION = 5.0;
				TARGETED_DEVICE_FAMILY = "1,2";
				TEST_TARGET_NAME = Portfolio;
			};
			name = Release;
		};
/* End XCBuildConfiguration section */

/* Begin XCConfigurationList section */
		D2B224602B9E26C00050FDA2 /* Build configuration list for PBXProject "Portfolio" */ = {
			isa = XCConfigurationList;
			buildConfigurations = (
				D2B224872B9E26C40050FDA2 /* Debug */,
				D2B224882B9E26C40050FDA2 /* Release */,
			);
			defaultConfigurationIsVisible = 0;
			defaultConfigurationName = Release;
		};
		D2B224892B9E26C40050FDA2 /* Build configuration list for PBXNativeTarget "Portfolio" */ = {
			isa = XCConfigurationList;
			buildConfigurations = (
				D2B2248A2B9E26C40050FDA2 /* Debug */,
				D2B2248B2B9E26C40050FDA2 /* Release */,
			);
			defaultConfigurationIsVisible = 0;
			defaultConfigurationName = Release;
		};
		D2B2248C2B9E26C40050FDA2 /* Build configuration list for PBXNativeTarget "PortfolioTests" */ = {
			isa = XCConfigurationList;
			buildConfigurations = (
				D2B2248D2B9E26C40050FDA2 /* Debug */,
				D2B2248E2B9E26C40050FDA2 /* Release */,
			);
			defaultConfigurationIsVisible = 0;
			defaultConfigurationName = Release;
		};
		D2B2248F2B9E26C40050FDA2 /* Build configuration list for PBXNativeTarget "PortfolioUITests" */ = {
			isa = XCConfigurationList;
			buildConfigurations = (
				D2B224902B9E26C40050FDA2 /* Debug */,
				D2B224912B9E26C40050FDA2 /* Release */,
			);
			defaultConfigurationIsVisible = 0;
			defaultConfigurationName = Release;
		};
/* End XCConfigurationList section */
	};
	rootObject = D2B2245D2B9E26C00050FDA2 /* Project object */;
}
